// !$*UTF8*$!
{
	archiveVersion = 1;
	classes = {
	};
	objectVersion = 46;
	objects = {

/* Begin PBXBuildFile section */
		75EB76FC1EDDD28300872074 /* AppDelegate.swift in Sources */ = {isa = PBXBuildFile; fileRef = 75EB76FB1EDDD28300872074 /* AppDelegate.swift */; };
		75EB76FE1EDDD28300872074 /* ViewController.swift in Sources */ = {isa = PBXBuildFile; fileRef = 75EB76FD1EDDD28300872074 /* ViewController.swift */; };
		75EB77011EDDD28300872074 /* Main.storyboard in Resources */ = {isa = PBXBuildFile; fileRef = 75EB76FF1EDDD28300872074 /* Main.storyboard */; };
		75EB77031EDDD28300872074 /* Assets.xcassets in Resources */ = {isa = PBXBuildFile; fileRef = 75EB77021EDDD28300872074 /* Assets.xcassets */; };
		75EB77061EDDD28300872074 /* LaunchScreen.storyboard in Resources */ = {isa = PBXBuildFile; fileRef = 75EB77041EDDD28300872074 /* LaunchScreen.storyboard */; };
		75EB77111EDDD28300872074 /* Hello_WorldTests.swift in Sources */ = {isa = PBXBuildFile; fileRef = 75EB77101EDDD28300872074 /* Hello_WorldTests.swift */; };
		75EB771C1EDDD28300872074 /* Hello_WorldUITests.swift in Sources */ = {isa = PBXBuildFile; fileRef = 75EB771B1EDDD28300872074 /* Hello_WorldUITests.swift */; };
/* End PBXBuildFile section */

/* Begin PBXContainerItemProxy section */
		75EB770D1EDDD28300872074 /* PBXContainerItemProxy */ = {
			isa = PBXContainerItemProxy;
			containerPortal = 75EB76F01EDDD28200872074 /* Project object */;
			proxyType = 1;
			remoteGlobalIDString = 75EB76F71EDDD28200872074;
			remoteInfo = "Hello World";
		};
		75EB77181EDDD28300872074 /* PBXContainerItemProxy */ = {
			isa = PBXContainerItemProxy;
			containerPortal = 75EB76F01EDDD28200872074 /* Project object */;
			proxyType = 1;
			remoteGlobalIDString = 75EB76F71EDDD28200872074;
			remoteInfo = "Hello World";
		};
/* End PBXContainerItemProxy section */

/* Begin PBXFileReference section */
		75EB76F81EDDD28300872074 /* Hello World.app */ = {isa = PBXFileReference; explicitFileType = wrapper.application; includeInIndex = 0; path = "Hello World.app"; sourceTree = BUILT_PRODUCTS_DIR; };
		75EB76FB1EDDD28300872074 /* AppDelegate.swift */ = {isa = PBXFileReference; lastKnownFileType = sourcecode.swift; path = AppDelegate.swift; sourceTree = "<group>"; };
		75EB76FD1EDDD28300872074 /* ViewController.swift */ = {isa = PBXFileReference; lastKnownFileType = sourcecode.swift; path = ViewController.swift; sourceTree = "<group>"; };
		75EB77001EDDD28300872074 /* Base */ = {isa = PBXFileReference; lastKnownFileType = file.storyboard; name = Base; path = Base.lproj/Main.storyboard; sourceTree = "<group>"; };
		75EB77021EDDD28300872074 /* Assets.xcassets */ = {isa = PBXFileReference; lastKnownFileType = folder.assetcatalog; path = Assets.xcassets; sourceTree = "<group>"; };
		75EB77051EDDD28300872074 /* Base */ = {isa = PBXFileReference; lastKnownFileType = file.storyboard; name = Base; path = Base.lproj/LaunchScreen.storyboard; sourceTree = "<group>"; };
		75EB77071EDDD28300872074 /* Info.plist */ = {isa = PBXFileReference; lastKnownFileType = text.plist.xml; path = Info.plist; sourceTree = "<group>"; };
		75EB770C1EDDD28300872074 /* Hello WorldTests.xctest */ = {isa = PBXFileReference; explicitFileType = wrapper.cfbundle; includeInIndex = 0; path = "Hello WorldTests.xctest"; sourceTree = BUILT_PRODUCTS_DIR; };
		75EB77101EDDD28300872074 /* Hello_WorldTests.swift */ = {isa = PBXFileReference; lastKnownFileType = sourcecode.swift; path = Hello_WorldTests.swift; sourceTree = "<group>"; };
		75EB77121EDDD28300872074 /* Info.plist */ = {isa = PBXFileReference; lastKnownFileType = text.plist.xml; path = Info.plist; sourceTree = "<group>"; };
		75EB77171EDDD28300872074 /* Hello WorldUITests.xctest */ = {isa = PBXFileReference; explicitFileType = wrapper.cfbundle; includeInIndex = 0; path = "Hello WorldUITests.xctest"; sourceTree = BUILT_PRODUCTS_DIR; };
		75EB771B1EDDD28300872074 /* Hello_WorldUITests.swift */ = {isa = PBXFileReference; lastKnownFileType = sourcecode.swift; path = Hello_WorldUITests.swift; sourceTree = "<group>"; };
		75EB771D1EDDD28300872074 /* Info.plist */ = {isa = PBXFileReference; lastKnownFileType = text.plist.xml; path = Info.plist; sourceTree = "<group>"; };
/* End PBXFileReference section */

/* Begin PBXFrameworksBuildPhase section */
		75EB76F51EDDD28200872074 /* Frameworks */ = {
			isa = PBXFrameworksBuildPhase;
			buildActionMask = 2147483647;
			files = (
			);
			runOnlyForDeploymentPostprocessing = 0;
		};
		75EB77091EDDD28300872074 /* Frameworks */ = {
			isa = PBXFrameworksBuildPhase;
			buildActionMask = 2147483647;
			files = (
			);
			runOnlyForDeploymentPostprocessing = 0;
		};
		75EB77141EDDD28300872074 /* Frameworks */ = {
			isa = PBXFrameworksBuildPhase;
			buildActionMask = 2147483647;
			files = (
			);
			runOnlyForDeploymentPostprocessing = 0;
		};
/* End PBXFrameworksBuildPhase section */

/* Begin PBXGroup section */
		75EB76EF1EDDD28200872074 = {
			isa = PBXGroup;
			children = (
				75EB76FA1EDDD28300872074 /* Hello World */,
				75EB770F1EDDD28300872074 /* Hello WorldTests */,
				75EB771A1EDDD28300872074 /* Hello WorldUITests */,
				75EB76F91EDDD28300872074 /* Products */,
			);
			sourceTree = "<group>";
		};
		75EB76F91EDDD28300872074 /* Products */ = {
			isa = PBXGroup;
			children = (
				75EB76F81EDDD28300872074 /* Hello World.app */,
				75EB770C1EDDD28300872074 /* Hello WorldTests.xctest */,
				75EB77171EDDD28300872074 /* Hello WorldUITests.xctest */,
			);
			name = Products;
			sourceTree = "<group>";
		};
		75EB76FA1EDDD28300872074 /* Hello World */ = {
			isa = PBXGroup;
			children = (
				75EB76FB1EDDD28300872074 /* AppDelegate.swift */,
				75EB76FD1EDDD28300872074 /* ViewController.swift */,
				75EB76FF1EDDD28300872074 /* Main.storyboard */,
				75EB77021EDDD28300872074 /* Assets.xcassets */,
				75EB77041EDDD28300872074 /* LaunchScreen.storyboard */,
				75EB77071EDDD28300872074 /* Info.plist */,
			);
			path = "Hello World";
			sourceTree = "<group>";
		};
		75EB770F1EDDD28300872074 /* Hello WorldTests */ = {
			isa = PBXGroup;
			children = (
				75EB77101EDDD28300872074 /* Hello_WorldTests.swift */,
				75EB77121EDDD28300872074 /* Info.plist */,
			);
			path = "Hello WorldTests";
			sourceTree = "<group>";
		};
		75EB771A1EDDD28300872074 /* Hello WorldUITests */ = {
			isa = PBXGroup;
			children = (
				75EB771B1EDDD28300872074 /* Hello_WorldUITests.swift */,
				75EB771D1EDDD28300872074 /* Info.plist */,
			);
			path = "Hello WorldUITests";
			sourceTree = "<group>";
		};
/* End PBXGroup section */

/* Begin PBXNativeTarget section */
		75EB76F71EDDD28200872074 /* Hello World */ = {
			isa = PBXNativeTarget;
			buildConfigurationList = 75EB77201EDDD28300872074 /* Build configuration list for PBXNativeTarget "Hello World" */;
			buildPhases = (
				75EB76F41EDDD28200872074 /* Sources */,
				75EB76F51EDDD28200872074 /* Frameworks */,
				75EB76F61EDDD28200872074 /* Resources */,
			);
			buildRules = (
			);
			dependencies = (
			);
			name = "Hello World";
			productName = "Hello World";
			productReference = 75EB76F81EDDD28300872074 /* Hello World.app */;
			productType = "com.apple.product-type.application";
		};
		75EB770B1EDDD28300872074 /* Hello WorldTests */ = {
			isa = PBXNativeTarget;
			buildConfigurationList = 75EB77231EDDD28300872074 /* Build configuration list for PBXNativeTarget "Hello WorldTests" */;
			buildPhases = (
				75EB77081EDDD28300872074 /* Sources */,
				75EB77091EDDD28300872074 /* Frameworks */,
				75EB770A1EDDD28300872074 /* Resources */,
			);
			buildRules = (
			);
			dependencies = (
				75EB770E1EDDD28300872074 /* PBXTargetDependency */,
			);
			name = "Hello WorldTests";
			productName = "Hello WorldTests";
			productReference = 75EB770C1EDDD28300872074 /* Hello WorldTests.xctest */;
			productType = "com.apple.product-type.bundle.unit-test";
		};
		75EB77161EDDD28300872074 /* Hello WorldUITests */ = {
			isa = PBXNativeTarget;
			buildConfigurationList = 75EB77261EDDD28300872074 /* Build configuration list for PBXNativeTarget "Hello WorldUITests" */;
			buildPhases = (
				75EB77131EDDD28300872074 /* Sources */,
				75EB77141EDDD28300872074 /* Frameworks */,
				75EB77151EDDD28300872074 /* Resources */,
			);
			buildRules = (
			);
			dependencies = (
				75EB77191EDDD28300872074 /* PBXTargetDependency */,
			);
			name = "Hello WorldUITests";
			productName = "Hello WorldUITests";
			productReference = 75EB77171EDDD28300872074 /* Hello WorldUITests.xctest */;
			productType = "com.apple.product-type.bundle.ui-testing";
		};
/* End PBXNativeTarget section */

/* Begin PBXProject section */
		75EB76F01EDDD28200872074 /* Project object */ = {
			isa = PBXProject;
			attributes = {
				LastSwiftUpdateCheck = 0730;
				LastUpgradeCheck = 0730;
				ORGANIZATIONNAME = "Rory Goodman";
				TargetAttributes = {
					75EB76F71EDDD28200872074 = {
						CreatedOnToolsVersion = 7.3.1;
					};
					75EB770B1EDDD28300872074 = {
						CreatedOnToolsVersion = 7.3.1;
						TestTargetID = 75EB76F71EDDD28200872074;
					};
					75EB77161EDDD28300872074 = {
						CreatedOnToolsVersion = 7.3.1;
						TestTargetID = 75EB76F71EDDD28200872074;
					};
				};
			};
			buildConfigurationList = 75EB76F31EDDD28200872074 /* Build configuration list for PBXProject "Hello World" */;
			compatibilityVersion = "Xcode 3.2";
			developmentRegion = English;
			hasScannedForEncodings = 0;
			knownRegions = (
				en,
				Base,
			);
			mainGroup = 75EB76EF1EDDD28200872074;
			productRefGroup = 75EB76F91EDDD28300872074 /* Products */;
			projectDirPath = "";
			projectRoot = "";
			targets = (
				75EB76F71EDDD28200872074 /* Hello World */,
				75EB770B1EDDD28300872074 /* Hello WorldTests */,
				75EB77161EDDD28300872074 /* Hello WorldUITests */,
			);
		};
/* End PBXProject section */

/* Begin PBXResourcesBuildPhase section */
		75EB76F61EDDD28200872074 /* Resources */ = {
			isa = PBXResourcesBuildPhase;
			buildActionMask = 2147483647;
			files = (
				75EB77061EDDD28300872074 /* LaunchScreen.storyboard in Resources */,
				75EB77031EDDD28300872074 /* Assets.xcassets in Resources */,
				75EB77011EDDD28300872074 /* Main.storyboard in Resources */,
			);
			runOnlyForDeploymentPostprocessing = 0;
		};
		75EB770A1EDDD28300872074 /* Resources */ = {
			isa = PBXResourcesBuildPhase;
			buildActionMask = 2147483647;
			files = (
			);
			runOnlyForDeploymentPostprocessing = 0;
		};
		75EB77151EDDD28300872074 /* Resources */ = {
			isa = PBXResourcesBuildPhase;
			buildActionMask = 2147483647;
			files = (
			);
			runOnlyForDeploymentPostprocessing = 0;
		};
/* End PBXResourcesBuildPhase section */

/* Begin PBXSourcesBuildPhase section */
		75EB76F41EDDD28200872074 /* Sources */ = {
			isa = PBXSourcesBuildPhase;
			buildActionMask = 2147483647;
			files = (
				75EB76FE1EDDD28300872074 /* ViewController.swift in Sources */,
				75EB76FC1EDDD28300872074 /* AppDelegate.swift in Sources */,
			);
			runOnlyForDeploymentPostprocessing = 0;
		};
		75EB77081EDDD28300872074 /* Sources */ = {
			isa = PBXSourcesBuildPhase;
			buildActionMask = 2147483647;
			files = (
				75EB77111EDDD28300872074 /* Hello_WorldTests.swift in Sources */,
			);
			runOnlyForDeploymentPostprocessing = 0;
		};
		75EB77131EDDD28300872074 /* Sources */ = {
			isa = PBXSourcesBuildPhase;
			buildActionMask = 2147483647;
			files = (
				75EB771C1EDDD28300872074 /* Hello_WorldUITests.swift in Sources */,
			);
			runOnlyForDeploymentPostprocessing = 0;
		};
/* End PBXSourcesBuildPhase section */

/* Begin PBXTargetDependency section */
		75EB770E1EDDD28300872074 /* PBXTargetDependency */ = {
			isa = PBXTargetDependency;
			target = 75EB76F71EDDD28200872074 /* Hello World */;
			targetProxy = 75EB770D1EDDD28300872074 /* PBXContainerItemProxy */;
		};
		75EB77191EDDD28300872074 /* PBXTargetDependency */ = {
			isa = PBXTargetDependency;
			target = 75EB76F71EDDD28200872074 /* Hello World */;
			targetProxy = 75EB77181EDDD28300872074 /* PBXContainerItemProxy */;
		};
/* End PBXTargetDependency section */

/* Begin PBXVariantGroup section */
		75EB76FF1EDDD28300872074 /* Main.storyboard */ = {
			isa = PBXVariantGroup;
			children = (
				75EB77001EDDD28300872074 /* Base */,
			);
			name = Main.storyboard;
			sourceTree = "<group>";
		};
		75EB77041EDDD28300872074 /* LaunchScreen.storyboard */ = {
			isa = PBXVariantGroup;
			children = (
				75EB77051EDDD28300872074 /* Base */,
			);
			name = LaunchScreen.storyboard;
			sourceTree = "<group>";
		};
/* End PBXVariantGroup section */

/* Begin XCBuildConfiguration section */
		75EB771E1EDDD28300872074 /* Debug */ = {
			isa = XCBuildConfiguration;
			buildSettings = {
				ALWAYS_SEARCH_USER_PATHS = NO;
				CLANG_ANALYZER_NONNULL = YES;
				CLANG_CXX_LANGUAGE_STANDARD = "gnu++0x";
				CLANG_CXX_LIBRARY = "libc++";
				CLANG_ENABLE_MODULES = YES;
				CLANG_ENABLE_OBJC_ARC = YES;
				CLANG_WARN_BOOL_CONVERSION = YES;
				CLANG_WARN_CONSTANT_CONVERSION = YES;
				CLANG_WARN_DIRECT_OBJC_ISA_USAGE = YES_ERROR;
				CLANG_WARN_EMPTY_BODY = YES;
				CLANG_WARN_ENUM_CONVERSION = YES;
				CLANG_WARN_INT_CONVERSION = YES;
				CLANG_WARN_OBJC_ROOT_CLASS = YES_ERROR;
				CLANG_WARN_UNREACHABLE_CODE = YES;
				CLANG_WARN__DUPLICATE_METHOD_MATCH = YES;
				"CODE_SIGN_IDENTITY[sdk=iphoneos*]" = "iPhone Developer";
				COPY_PHASE_STRIP = NO;
				DEBUG_INFORMATION_FORMAT = dwarf;
				ENABLE_STRICT_OBJC_MSGSEND = YES;
				ENABLE_TESTABILITY = YES;
				GCC_C_LANGUAGE_STANDARD = gnu99;
				GCC_DYNAMIC_NO_PIC = NO;
				GCC_NO_COMMON_BLOCKS = YES;
				GCC_OPTIMIZATION_LEVEL = 0;
				GCC_PREPROCESSOR_DEFINITIONS = (
					"DEBUG=1",
					"$(inherited)",
				);
				GCC_WARN_64_TO_32_BIT_CONVERSION = YES;
				GCC_WARN_ABOUT_RETURN_TYPE = YES_ERROR;
				GCC_WARN_UNDECLARED_SELECTOR = YES;
				GCC_WARN_UNINITIALIZED_AUTOS = YES_AGGRESSIVE;
				GCC_WARN_UNUSED_FUNCTION = YES;
				GCC_WARN_UNUSED_VARIABLE = YES;
				IPHONEOS_DEPLOYMENT_TARGET = 9.3;
				MTL_ENABLE_DEBUG_INFO = YES;
				ONLY_ACTIVE_ARCH = YES;
				SDKROOT = iphoneos;
				SWIFT_OPTIMIZATION_LEVEL = "-Onone";
				TARGETED_DEVICE_FAMILY = "1,2";
			};
			name = Debug;
		};
		75EB771F1EDDD28300872074 /* Release */ = {
			isa = XCBuildConfiguration;
			buildSettings = {
				ALWAYS_SEARCH_USER_PATHS = NO;
				CLANG_ANALYZER_NONNULL = YES;
				CLANG_CXX_LANGUAGE_STANDARD = "gnu++0x";
				CLANG_CXX_LIBRARY = "libc++";
				CLANG_ENABLE_MODULES = YES;
				CLANG_ENABLE_OBJC_ARC = YES;
				CLANG_WARN_BOOL_CONVERSION = YES;
				CLANG_WARN_CONSTANT_CONVERSION = YES;
				CLANG_WARN_DIRECT_OBJC_ISA_USAGE = YES_ERROR;
				CLANG_WARN_EMPTY_BODY = YES;
				CLANG_WARN_ENUM_CONVERSION = YES;
				CLANG_WARN_INT_CONVERSION = YES;
				CLANG_WARN_OBJC_ROOT_CLASS = YES_ERROR;
				CLANG_WARN_UNREACHABLE_CODE = YES;
				CLANG_WARN__DUPLICATE_METHOD_MATCH = YES;
				"CODE_SIGN_IDENTITY[sdk=iphoneos*]" = "iPhone Developer";
				COPY_PHASE_STRIP = NO;
				DEBUG_INFORMATION_FORMAT = "dwarf-with-dsym";
				ENABLE_NS_ASSERTIONS = NO;
				ENABLE_STRICT_OBJC_MSGSEND = YES;
				GCC_C_LANGUAGE_STANDARD = gnu99;
				GCC_NO_COMMON_BLOCKS = YES;
				GCC_WARN_64_TO_32_BIT_CONVERSION = YES;
				GCC_WARN_ABOUT_RETURN_TYPE = YES_ERROR;
				GCC_WARN_UNDECLARED_SELECTOR = YES;
				GCC_WARN_UNINITIALIZED_AUTOS = YES_AGGRESSIVE;
				GCC_WARN_UNUSED_FUNCTION = YES;
				GCC_WARN_UNUSED_VARIABLE = YES;
				IPHONEOS_DEPLOYMENT_TARGET = 9.3;
				MTL_ENABLE_DEBUG_INFO = NO;
				SDKROOT = iphoneos;
				TARGETED_DEVICE_FAMILY = "1,2";
				VALIDATE_PRODUCT = YES;
			};
			name = Release;
		};
		75EB77211EDDD28300872074 /* Debug */ = {
			isa = XCBuildConfiguration;
			buildSettings = {
				ASSETCATALOG_COMPILER_APPICON_NAME = AppIcon;
				INFOPLIST_FILE = "Hello World/Info.plist";
				LD_RUNPATH_SEARCH_PATHS = "$(inherited) @executable_path/Frameworks";
				PRODUCT_BUNDLE_IDENTIFIER = "com.rory.Hello-World";
				PRODUCT_NAME = "$(TARGET_NAME)";
			};
			name = Debug;
		};
		75EB77221EDDD28300872074 /* Release */ = {
			isa = XCBuildConfiguration;
			buildSettings = {
				ASSETCATALOG_COMPILER_APPICON_NAME = AppIcon;
				INFOPLIST_FILE = "Hello World/Info.plist";
				LD_RUNPATH_SEARCH_PATHS = "$(inherited) @executable_path/Frameworks";
				PRODUCT_BUNDLE_IDENTIFIER = "com.rory.Hello-World";
				PRODUCT_NAME = "$(TARGET_NAME)";
			};
			name = Release;
		};
		75EB77241EDDD28300872074 /* Debug */ = {
			isa = XCBuildConfiguration;
			buildSettings = {
				BUNDLE_LOADER = "$(TEST_HOST)";
				INFOPLIST_FILE = "Hello WorldTests/Info.plist";
				LD_RUNPATH_SEARCH_PATHS = "$(inherited) @executable_path/Frameworks @loader_path/Frameworks";
				PRODUCT_BUNDLE_IDENTIFIER = "com.rory.Hello-WorldTests";
				PRODUCT_NAME = "$(TARGET_NAME)";
				TEST_HOST = "$(BUILT_PRODUCTS_DIR)/Hello World.app/Hello World";
			};
			name = Debug;
		};
		75EB77251EDDD28300872074 /* Release */ = {
			isa = XCBuildConfiguration;
			buildSettings = {
				BUNDLE_LOADER = "$(TEST_HOST)";
				INFOPLIST_FILE = "Hello WorldTests/Info.plist";
				LD_RUNPATH_SEARCH_PATHS = "$(inherited) @executable_path/Frameworks @loader_path/Frameworks";
				PRODUCT_BUNDLE_IDENTIFIER = "com.rory.Hello-WorldTests";
				PRODUCT_NAME = "$(TARGET_NAME)";
				TEST_HOST = "$(BUILT_PRODUCTS_DIR)/Hello World.app/Hello World";
			};
			name = Release;
		};
		75EB77271EDDD28300872074 /* Debug */ = {
			isa = XCBuildConfiguration;
			buildSettings = {
				INFOPLIST_FILE = "Hello WorldUITests/Info.plist";
				LD_RUNPATH_SEARCH_PATHS = "$(inherited) @executable_path/Frameworks @loader_path/Frameworks";
				PRODUCT_BUNDLE_IDENTIFIER = "com.rory.Hello-WorldUITests";
				PRODUCT_NAME = "$(TARGET_NAME)";
				TEST_TARGET_NAME = "Hello World";
			};
			name = Debug;
		};
		75EB77281EDDD28300872074 /* Release */ = {
			isa = XCBuildConfiguration;
			buildSettings = {
				INFOPLIST_FILE = "Hello WorldUITests/Info.plist";
				LD_RUNPATH_SEARCH_PATHS = "$(inherited) @executable_path/Frameworks @loader_path/Frameworks";
				PRODUCT_BUNDLE_IDENTIFIER = "com.rory.Hello-WorldUITests";
				PRODUCT_NAME = "$(TARGET_NAME)";
				TEST_TARGET_NAME = "Hello World";
			};
			name = Release;
		};
/* End XCBuildConfiguration section */

/* Begin XCConfigurationList section */
		75EB76F31EDDD28200872074 /* Build configuration list for PBXProject "Hello World" */ = {
			isa = XCConfigurationList;
			buildConfigurations = (
				75EB771E1EDDD28300872074 /* Debug */,
				75EB771F1EDDD28300872074 /* Release */,
			);
			defaultConfigurationIsVisible = 0;
			defaultConfigurationName = Release;
		};
		75EB77201EDDD28300872074 /* Build configuration list for PBXNativeTarget "Hello World" */ = {
			isa = XCConfigurationList;
			buildConfigurations = (
				75EB77211EDDD28300872074 /* Debug */,
				75EB77221EDDD28300872074 /* Release */,
			);
			defaultConfigurationIsVisible = 0;
		};
		75EB77231EDDD28300872074 /* Build configuration list for PBXNativeTarget "Hello WorldTests" */ = {
			isa = XCConfigurationList;
			buildConfigurations = (
				75EB77241EDDD28300872074 /* Debug */,
				75EB77251EDDD28300872074 /* Release */,
			);
			defaultConfigurationIsVisible = 0;
		};
		75EB77261EDDD28300872074 /* Build configuration list for PBXNativeTarget "Hello WorldUITests" */ = {
			isa = XCConfigurationList;
			buildConfigurations = (
				75EB77271EDDD28300872074 /* Debug */,
				75EB77281EDDD28300872074 /* Release */,
			);
			defaultConfigurationIsVisible = 0;
		};
/* End XCConfigurationList section */
	};
	rootObject = 75EB76F01EDDD28200872074 /* Project object */;
}
